
Microsoft Visual Studio Solution File, Format Version 12.00
# Visual Studio Version 17
VisualStudioVersion = 17.3.32901.215
MinimumVisualStudioVersion = 10.0.40219.1
Project("{FAE04EC0-301F-11D3-BF4B-00C04F79EFBC}") = "Fair_Trade", "Fair_Trade\Fair_Trade.csproj", "{F7D168E8-31B7-4E17-99B3-3633EBCF7230}"
EndProject
Global
	GlobalSection(SolutionConfigurationPlatforms) = preSolution
		Debug|Any CPU = Debug|Any CPU
		Release|Any CPU = Release|Any CPU
	EndGlobalSection
	GlobalSection(ProjectConfigurationPlatforms) = postSolution
		{F7D168E8-31B7-4E17-99B3-3633EBCF7230}.Debug|Any CPU.ActiveCfg = Debug|Any CPU
		{F7D168E8-31B7-4E17-99B3-3633EBCF7230}.Debug|Any CPU.Build.0 = Debug|Any CPU
		{F7D168E8-31B7-4E17-99B3-3633EBCF7230}.Release|Any CPU.ActiveCfg = Release|Any CPU
		{F7D168E8-31B7-4E17-99B3-3633EBCF7230}.Release|Any CPU.Build.0 = Release|Any CPU
	EndGlobalSection
	GlobalSection(SolutionProperties) = preSolution
		HideSolutionNode = FALSE
	EndGlobalSection
	GlobalSection(ExtensibilityGlobals) = postSolution
		SolutionGuid = {21751E15-E832-4BC5-BD3C-D6247AF49228}
	EndGlobalSection
EndGlobal
